// !$*UTF8*$!
{
	archiveVersion = 1;
	classes = {
	};
	objectVersion = 45;
	objects = {

/* Begin PBXBuildFile section */
		1DDD58160DA1D0A300B32029 /* MainMenu.xib in Resources */ = {isa = PBXBuildFile; fileRef = 1DDD58140DA1D0A300B32029 /* MainMenu.xib */; };
		256AC3DA0F4B6AC300CF3369 /* SMTPClientAppDelegate.mm in Sources */ = {isa = PBXBuildFile; fileRef = 256AC3D90F4B6AC300CF3369 /* SMTPClientAppDelegate.mm */; };
		5910DC4813A7B36B009F7A62 /* SMTPClient.mm in Sources */ = {isa = PBXBuildFile; fileRef = 59E0BE4D139FC41D00477835 /* SMTPClient.mm */; };
		595CA53C13A1025900A24CB2 /* SMTPClientGrowlDisplay.mm in Sources */ = {isa = PBXBuildFile; fileRef = 595CA53313A1025900A24CB2 /* SMTPClientGrowlDisplay.mm */; };
		595CA53D13A1025900A24CB2 /* SMTPClientGrowlPrefs.mm in Sources */ = {isa = PBXBuildFile; fileRef = 595CA53513A1025900A24CB2 /* SMTPClientGrowlPrefs.mm */; };
		595CA78413A122AC00A24CB2 /* SMTPClientGrowlPrefs.xib in Resources */ = {isa = PBXBuildFile; fileRef = 595CA78213A122AC00A24CB2 /* SMTPClientGrowlPrefs.xib */; };
		59E0BD51139FB38800477835 /* SMTPClientWindowController.mm in Sources */ = {isa = PBXBuildFile; fileRef = 59E0BD50139FB38800477835 /* SMTPClientWindowController.mm */; };
		59E0BD60139FB4EA00477835 /* EmailWindow.xib in Resources */ = {isa = PBXBuildFile; fileRef = 59E0BD5E139FB4EA00477835 /* EmailWindow.xib */; };
		59E0BE4E139FC41D00477835 /* SMTPClient.mm in Sources */ = {isa = PBXBuildFile; fileRef = 59E0BE4D139FC41D00477835 /* SMTPClient.mm */; };
		714CAF6413A669D900DAA5E5 /* Nitrogen.framework in Frameworks */ = {isa = PBXBuildFile; fileRef = 714CAF6313A669D900DAA5E5 /* Nitrogen.framework */; };
		714CAF6513A669D900DAA5E5 /* Nitrogen.framework in Frameworks */ = {isa = PBXBuildFile; fileRef = 714CAF6313A669D900DAA5E5 /* Nitrogen.framework */; };
		714CAF6613A669D900DAA5E5 /* Nitrogen.framework in Frameworks */ = {isa = PBXBuildFile; fileRef = 714CAF6313A669D900DAA5E5 /* Nitrogen.framework */; };
		714CAFB713A669DC00DAA5E5 /* Nitrogen.framework in Copy Frameworks */ = {isa = PBXBuildFile; fileRef = 714CAF6313A669D900DAA5E5 /* Nitrogen.framework */; };
		714CAFB813A669DF00DAA5E5 /* Nitrogen.framework in Copy Frameworks */ = {isa = PBXBuildFile; fileRef = 714CAF6313A669D900DAA5E5 /* Nitrogen.framework */; };
		714CAFB913A669E100DAA5E5 /* Nitrogen.framework in Copy Frameworks */ = {isa = PBXBuildFile; fileRef = 714CAF6313A669D900DAA5E5 /* Nitrogen.framework */; };
		71E1B42513A6686D0083323C /* SMTPClientTests.mm in Sources */ = {isa = PBXBuildFile; fileRef = 71E1B3E913A663E40083323C /* SMTPClientTests.mm */; };
		71E1B42613A668750083323C /* SMTPClient.mm in Sources */ = {isa = PBXBuildFile; fileRef = 59E0BE4D139FC41D00477835 /* SMTPClient.mm */; };
		8D11072B0486CEB800E47090 /* InfoPlist.strings in Resources */ = {isa = PBXBuildFile; fileRef = 089C165CFE840E0CC02AAC07 /* InfoPlist.strings */; };
		8D11072D0486CEB800E47090 /* SMTPClientApp.m in Sources */ = {isa = PBXBuildFile; fileRef = 29B97316FDCFA39411CA2CEA /* SMTPClientApp.m */; settings = {ATTRIBUTES = (); }; };
		8D11072F0486CEB800E47090 /* Cocoa.framework in Frameworks */ = {isa = PBXBuildFile; fileRef = 1058C7A1FEA54F0111CA2CBB /* Cocoa.framework */; };
/* End PBXBuildFile section */

/* Begin PBXContainerItemProxy section */
		5910DAA013A7A586009F7A62 /* PBXContainerItemProxy */ = {
			isa = PBXContainerItemProxy;
			containerPortal = 595CA30113A0DE1F00A24CB2 /* Nitrogen.xcodeproj */;
			proxyType = 1;
			remoteGlobalIDString = 8DC2EF4F0486A6940098B216 /* Nitrogen */;
			remoteInfo = Nitrogen;
		};
		5910DAE613A7A926009F7A62 /* PBXContainerItemProxy */ = {
			isa = PBXContainerItemProxy;
			containerPortal = 595CA30113A0DE1F00A24CB2 /* Nitrogen.xcodeproj */;
			proxyType = 1;
			remoteGlobalIDString = 8DC2EF4F0486A6940098B216 /* Nitrogen */;
			remoteInfo = Nitrogen;
		};
		597C8E6F13A746C800AABAD6 /* PBXContainerItemProxy */ = {
			isa = PBXContainerItemProxy;
			containerPortal = 595CA30113A0DE1F00A24CB2 /* Nitrogen.xcodeproj */;
			proxyType = 2;
			remoteGlobalIDString = 8DC2EF5B0486A6940098B216;
			remoteInfo = Nitrogen;
		};
		597C8E7313A746C800AABAD6 /* PBXContainerItemProxy */ = {
			isa = PBXContainerItemProxy;
			containerPortal = 595CA30113A0DE1F00A24CB2 /* Nitrogen.xcodeproj */;
			proxyType = 2;
			remoteGlobalIDString = 591403A21105B88A00D6A504;
			remoteInfo = "Unit Tests";
		};
/* End PBXContainerItemProxy section */

/* Begin PBXCopyFilesBuildPhase section */
		595CA62C13A115C700A24CB2 /* Copy Frameworks */ = {
			isa = PBXCopyFilesBuildPhase;
			buildActionMask = 2147483647;
			dstPath = "";
			dstSubfolderSpec = 10;
			files = (
				714CAFB813A669DF00DAA5E5 /* Nitrogen.framework in Copy Frameworks */,
			);
			name = "Copy Frameworks";
			runOnlyForDeploymentPostprocessing = 0;
		};
		59E0BE43139FC21100477835 /* Copy Frameworks */ = {
			isa = PBXCopyFilesBuildPhase;
			buildActionMask = 2147483647;
			dstPath = "";
			dstSubfolderSpec = 10;
			files = (
				714CAFB713A669DC00DAA5E5 /* Nitrogen.framework in Copy Frameworks */,
			);
			name = "Copy Frameworks";
			runOnlyForDeploymentPostprocessing = 0;
		};
		714CAF0913A6696000DAA5E5 /* Copy Frameworks */ = {
			isa = PBXCopyFilesBuildPhase;
			buildActionMask = 2147483647;
			dstPath = "";
			dstSubfolderSpec = 10;
			files = (
				714CAFB913A669E100DAA5E5 /* Nitrogen.framework in Copy Frameworks */,
			);
			name = "Copy Frameworks";
			runOnlyForDeploymentPostprocessing = 0;
		};
/* End PBXCopyFilesBuildPhase section */

/* Begin PBXFileReference section */
		089C165DFE840E0CC02AAC07 /* InfoPlist.strings */ = {isa = PBXFileReference; fileEncoding = 4; lastKnownFileType = text.plist.strings; name = InfoPlist.strings; path = Resources/App/English.lproj/InfoPlist.strings; sourceTree = "<group>"; };
		1058C7A1FEA54F0111CA2CBB /* Cocoa.framework */ = {isa = PBXFileReference; lastKnownFileType = wrapper.framework; name = Cocoa.framework; path = /System/Library/Frameworks/Cocoa.framework; sourceTree = "<absolute>"; };
		13E42FB307B3F0F600E4EEF1 /* CoreData.framework */ = {isa = PBXFileReference; lastKnownFileType = wrapper.framework; name = CoreData.framework; path = /System/Library/Frameworks/CoreData.framework; sourceTree = "<absolute>"; };
		1DDD58150DA1D0A300B32029 /* MainMenu.xib */ = {isa = PBXFileReference; lastKnownFileType = file.xib; name = MainMenu.xib; path = Resources/App/English.lproj/MainMenu.xib; sourceTree = "<group>"; };
		256AC3D80F4B6AC300CF3369 /* SMTPClientAppDelegate.h */ = {isa = PBXFileReference; fileEncoding = 4; lastKnownFileType = sourcecode.c.h; name = SMTPClientAppDelegate.h; path = Classes/App/SMTPClientAppDelegate.h; sourceTree = "<group>"; };
		256AC3D90F4B6AC300CF3369 /* SMTPClientAppDelegate.mm */ = {isa = PBXFileReference; fileEncoding = 4; lastKnownFileType = sourcecode.cpp.objcpp; name = SMTPClientAppDelegate.mm; path = Classes/App/SMTPClientAppDelegate.mm; sourceTree = "<group>"; };
		256AC3F00F4B6AF500CF3369 /* SMTPClientApp.pch */ = {isa = PBXFileReference; fileEncoding = 4; lastKnownFileType = sourcecode.c.h; path = SMTPClientApp.pch; sourceTree = "<group>"; };
		29B97316FDCFA39411CA2CEA /* SMTPClientApp.m */ = {isa = PBXFileReference; fileEncoding = 4; lastKnownFileType = sourcecode.c.objc; path = SMTPClientApp.m; sourceTree = "<group>"; };
		29B97324FDCFA39411CA2CEA /* AppKit.framework */ = {isa = PBXFileReference; lastKnownFileType = wrapper.framework; name = AppKit.framework; path = /System/Library/Frameworks/AppKit.framework; sourceTree = "<absolute>"; };
		29B97325FDCFA39411CA2CEA /* Foundation.framework */ = {isa = PBXFileReference; lastKnownFileType = wrapper.framework; name = Foundation.framework; path = /System/Library/Frameworks/Foundation.framework; sourceTree = "<absolute>"; };
		595CA30113A0DE1F00A24CB2 /* Nitrogen.xcodeproj */ = {isa = PBXFileReference; lastKnownFileType = "wrapper.pb-project"; name = Nitrogen.xcodeproj; path = "../osirix-trunk/nitrogen/Nitrogen.xcodeproj"; sourceTree = SOURCE_ROOT; };
		595CA48113A0FF2C00A24CB2 /* SMTPMail.growlView */ = {isa = PBXFileReference; explicitFileType = wrapper.cfbundle; includeInIndex = 0; path = SMTPMail.growlView; sourceTree = BUILT_PRODUCTS_DIR; };
		595CA48E13A0FF9900A24CB2 /* SMTPClientGrowlPlugin-Info.plist */ = {isa = PBXFileReference; fileEncoding = 4; lastKnownFileType = text.plist.xml; path = "SMTPClientGrowlPlugin-Info.plist"; sourceTree = "<group>"; };
		595CA52113A1025900A24CB2 /* GrowlDisplayPlugin.h */ = {isa = PBXFileReference; fileEncoding = 4; lastKnownFileType = sourcecode.c.h; path = GrowlDisplayPlugin.h; sourceTree = "<group>"; };
		595CA53213A1025900A24CB2 /* SMTPClientGrowlDisplay.h */ = {isa = PBXFileReference; fileEncoding = 4; lastKnownFileType = sourcecode.c.h; name = SMTPClientGrowlDisplay.h; path = Classes/GrowlPlugin/SMTPClientGrowlDisplay.h; sourceTree = "<group>"; };
		595CA53313A1025900A24CB2 /* SMTPClientGrowlDisplay.mm */ = {isa = PBXFileReference; fileEncoding = 4; lastKnownFileType = sourcecode.cpp.objcpp; name = SMTPClientGrowlDisplay.mm; path = Classes/GrowlPlugin/SMTPClientGrowlDisplay.mm; sourceTree = "<group>"; };
		595CA53413A1025900A24CB2 /* SMTPClientGrowlPrefs.h */ = {isa = PBXFileReference; fileEncoding = 4; lastKnownFileType = sourcecode.c.h; name = SMTPClientGrowlPrefs.h; path = Classes/GrowlPlugin/SMTPClientGrowlPrefs.h; sourceTree = "<group>"; };
		595CA53513A1025900A24CB2 /* SMTPClientGrowlPrefs.mm */ = {isa = PBXFileReference; fileEncoding = 4; lastKnownFileType = sourcecode.cpp.objcpp; name = SMTPClientGrowlPrefs.mm; path = Classes/GrowlPlugin/SMTPClientGrowlPrefs.mm; sourceTree = "<group>"; };
		595CA74013A11F0D00A24CB2 /* GrowlPlugin.h */ = {isa = PBXFileReference; fileEncoding = 4; lastKnownFileType = sourcecode.c.h; path = GrowlPlugin.h; sourceTree = "<group>"; };
		595CA74313A11F4300A24CB2 /* GrowlApplicationNotification.h */ = {isa = PBXFileReference; fileEncoding = 4; lastKnownFileType = sourcecode.c.h; path = GrowlApplicationNotification.h; sourceTree = "<group>"; };
		595CA78313A122AC00A24CB2 /* English */ = {isa = PBXFileReference; lastKnownFileType = file.xib; name = English; path = Resources/GrowlPlugin/English.lproj/SMTPClientGrowlPrefs.xib; sourceTree = "<group>"; };
		59E0BD4F139FB38800477835 /* SMTPClientWindowController.h */ = {isa = PBXFileReference; fileEncoding = 4; lastKnownFileType = sourcecode.c.h; name = SMTPClientWindowController.h; path = Classes/App/SMTPClientWindowController.h; sourceTree = "<group>"; };
		59E0BD50139FB38800477835 /* SMTPClientWindowController.mm */ = {isa = PBXFileReference; fileEncoding = 4; lastKnownFileType = sourcecode.cpp.objcpp; name = SMTPClientWindowController.mm; path = Classes/App/SMTPClientWindowController.mm; sourceTree = "<group>"; };
		59E0BD5F139FB4EA00477835 /* EmailWindow.xib */ = {isa = PBXFileReference; lastKnownFileType = file.xib; name = EmailWindow.xib; path = Resources/App/English.lproj/EmailWindow.xib; sourceTree = "<group>"; };
		59E0BE4C139FC41D00477835 /* SMTPClient.h */ = {isa = PBXFileReference; fileEncoding = 4; lastKnownFileType = sourcecode.c.h; name = SMTPClient.h; path = Classes/SMTPClient.h; sourceTree = "<group>"; };
		59E0BE4D139FC41D00477835 /* SMTPClient.mm */ = {isa = PBXFileReference; fileEncoding = 4; lastKnownFileType = sourcecode.cpp.objcpp; name = SMTPClient.mm; path = Classes/SMTPClient.mm; sourceTree = "<group>"; };
		59EAC72213A25C480092BC07 /* GrowlDefinesInternal.h */ = {isa = PBXFileReference; fileEncoding = 4; lastKnownFileType = sourcecode.c.h; path = GrowlDefinesInternal.h; sourceTree = "<group>"; };
		714CAF6313A669D900DAA5E5 /* Nitrogen.framework */ = {isa = PBXFileReference; lastKnownFileType = wrapper.framework; name = Nitrogen.framework; path = "../osirix-trunk/nitrogen/build/Development/Nitrogen.framework"; sourceTree = SOURCE_ROOT; };
		71E1B3DE13A663370083323C /* SMTPClientTests-Info.plist */ = {isa = PBXFileReference; lastKnownFileType = text.plist.xml; path = "SMTPClientTests-Info.plist"; sourceTree = "<group>"; };
		71E1B3E813A663E40083323C /* SMTPClientTests.h */ = {isa = PBXFileReference; fileEncoding = 4; lastKnownFileType = sourcecode.c.h; name = SMTPClientTests.h; path = Classes/Tests/SMTPClientTests.h; sourceTree = "<group>"; };
		71E1B3E913A663E40083323C /* SMTPClientTests.mm */ = {isa = PBXFileReference; fileEncoding = 4; lastKnownFileType = sourcecode.cpp.objcpp; name = SMTPClientTests.mm; path = Classes/Tests/SMTPClientTests.mm; sourceTree = "<group>"; };
		71E1B41213A667DD0083323C /* SMTPClient.octest */ = {isa = PBXFileReference; explicitFileType = wrapper.cfbundle; includeInIndex = 0; path = SMTPClient.octest; sourceTree = BUILT_PRODUCTS_DIR; };
		8D1107310486CEB800E47090 /* SMTPClientApp-Info.plist */ = {isa = PBXFileReference; fileEncoding = 4; lastKnownFileType = text.plist.xml; path = "SMTPClientApp-Info.plist"; sourceTree = "<group>"; };
		8D1107320486CEB800E47090 /* SMTPClient.app */ = {isa = PBXFileReference; explicitFileType = wrapper.application; includeInIndex = 0; path = SMTPClient.app; sourceTree = BUILT_PRODUCTS_DIR; };
/* End PBXFileReference section */

/* Begin PBXFrameworksBuildPhase section */
		595CA47F13A0FF2C00A24CB2 /* Frameworks */ = {
			isa = PBXFrameworksBuildPhase;
			buildActionMask = 2147483647;
			files = (
				714CAF6413A669D900DAA5E5 /* Nitrogen.framework in Frameworks */,
			);
			runOnlyForDeploymentPostprocessing = 0;
		};
		71E1B40F13A667DD0083323C /* Frameworks */ = {
			isa = PBXFrameworksBuildPhase;
			buildActionMask = 2147483647;
			files = (
				714CAF6613A669D900DAA5E5 /* Nitrogen.framework in Frameworks */,
			);
			runOnlyForDeploymentPostprocessing = 0;
		};
		8D11072E0486CEB800E47090 /* Frameworks */ = {
			isa = PBXFrameworksBuildPhase;
			buildActionMask = 2147483647;
			files = (
				8D11072F0486CEB800E47090 /* Cocoa.framework in Frameworks */,
				714CAF6513A669D900DAA5E5 /* Nitrogen.framework in Frameworks */,
			);
			runOnlyForDeploymentPostprocessing = 0;
		};
/* End PBXFrameworksBuildPhase section */

/* Begin PBXGroup section */
		080E96DDFE201D6D7F000001 /* Classes */ = {
			isa = PBXGroup;
			children = (
				59E0BE4C139FC41D00477835 /* SMTPClient.h */,
				59E0BE4D139FC41D00477835 /* SMTPClient.mm */,
			);
			name = Classes;
			sourceTree = "<group>";
		};
		1058C7A0FEA54F0111CA2CBB /* Linked Frameworks */ = {
			isa = PBXGroup;
			children = (
				1058C7A1FEA54F0111CA2CBB /* Cocoa.framework */,
			);
			name = "Linked Frameworks";
			sourceTree = "<group>";
		};
		1058C7A2FEA54F0111CA2CBB /* Other Frameworks */ = {
			isa = PBXGroup;
			children = (
				29B97324FDCFA39411CA2CEA /* AppKit.framework */,
				13E42FB307B3F0F600E4EEF1 /* CoreData.framework */,
				29B97325FDCFA39411CA2CEA /* Foundation.framework */,
			);
			name = "Other Frameworks";
			sourceTree = "<group>";
		};
		19C28FACFE9D520D11CA2CBB /* Products */ = {
			isa = PBXGroup;
			children = (
				8D1107320486CEB800E47090 /* SMTPClient.app */,
				595CA48113A0FF2C00A24CB2 /* SMTPMail.growlView */,
				71E1B41213A667DD0083323C /* SMTPClient.octest */,
			);
			name = Products;
			sourceTree = "<group>";
		};
		29B97314FDCFA39411CA2CEA /* smtp */ = {
			isa = PBXGroup;
			children = (
				595CA3FC13A0F91C00A24CB2 /* SMTPClient */,
				71E1B3E713A663B30083323C /* Tests */,
				595CA3EE13A0F8BE00A24CB2 /* App */,
				595CA48C13A0FF5E00A24CB2 /* Growl Plugin */,
				29B97323FDCFA39411CA2CEA /* Frameworks */,
				19C28FACFE9D520D11CA2CBB /* Products */,
			);
			name = smtp;
			sourceTree = "<group>";
		};
		29B97315FDCFA39411CA2CEA /* Other Sources */ = {
			isa = PBXGroup;
			children = (
				256AC3F00F4B6AF500CF3369 /* SMTPClientApp.pch */,
				29B97316FDCFA39411CA2CEA /* SMTPClientApp.m */,
			);
			name = "Other Sources";
			sourceTree = "<group>";
		};
		29B97317FDCFA39411CA2CEA /* Resources */ = {
			isa = PBXGroup;
			children = (
				089C165CFE840E0CC02AAC07 /* InfoPlist.strings */,
				59E0BD5E139FB4EA00477835 /* EmailWindow.xib */,
				1DDD58140DA1D0A300B32029 /* MainMenu.xib */,
			);
			name = Resources;
			sourceTree = "<group>";
		};
		29B97323FDCFA39411CA2CEA /* Frameworks */ = {
			isa = PBXGroup;
			children = (
				714CAF6313A669D900DAA5E5 /* Nitrogen.framework */,
				1058C7A0FEA54F0111CA2CBB /* Linked Frameworks */,
				1058C7A2FEA54F0111CA2CBB /* Other Frameworks */,
			);
			name = Frameworks;
			sourceTree = "<group>";
		};
		595CA3EE13A0F8BE00A24CB2 /* App */ = {
			isa = PBXGroup;
			children = (
				8D1107310486CEB800E47090 /* SMTPClientApp-Info.plist */,
				595CA40713A0F96B00A24CB2 /* Classes */,
				29B97315FDCFA39411CA2CEA /* Other Sources */,
				29B97317FDCFA39411CA2CEA /* Resources */,
			);
			name = App;
			sourceTree = "<group>";
		};
		595CA3FC13A0F91C00A24CB2 /* SMTPClient */ = {
			isa = PBXGroup;
			children = (
				080E96DDFE201D6D7F000001 /* Classes */,
				71C4B65613A4A821008E5639 /* Other Sources */,
			);
			name = SMTPClient;
			sourceTree = "<group>";
		};
		595CA40713A0F96B00A24CB2 /* Classes */ = {
			isa = PBXGroup;
			children = (
				256AC3D80F4B6AC300CF3369 /* SMTPClientAppDelegate.h */,
				256AC3D90F4B6AC300CF3369 /* SMTPClientAppDelegate.mm */,
				59E0BD4F139FB38800477835 /* SMTPClientWindowController.h */,
				59E0BD50139FB38800477835 /* SMTPClientWindowController.mm */,
			);
			name = Classes;
			sourceTree = "<group>";
		};
		595CA48C13A0FF5E00A24CB2 /* Growl Plugin */ = {
			isa = PBXGroup;
			children = (
				595CA48E13A0FF9900A24CB2 /* SMTPClientGrowlPlugin-Info.plist */,
				595CA51513A1024700A24CB2 /* Classes */,
				595CA55113A1074700A24CB2 /* Resources */,
			);
			name = "Growl Plugin";
			sourceTree = "<group>";
		};
		595CA51513A1024700A24CB2 /* Classes */ = {
			isa = PBXGroup;
			children = (
				595CA51913A1025900A24CB2 /* Growl */,
				595CA53213A1025900A24CB2 /* SMTPClientGrowlDisplay.h */,
				595CA53313A1025900A24CB2 /* SMTPClientGrowlDisplay.mm */,
				595CA53413A1025900A24CB2 /* SMTPClientGrowlPrefs.h */,
				595CA53513A1025900A24CB2 /* SMTPClientGrowlPrefs.mm */,
			);
			name = Classes;
			sourceTree = "<group>";
		};
		595CA51913A1025900A24CB2 /* Growl */ = {
			isa = PBXGroup;
			children = (
				595CA74013A11F0D00A24CB2 /* GrowlPlugin.h */,
				595CA52113A1025900A24CB2 /* GrowlDisplayPlugin.h */,
				595CA74313A11F4300A24CB2 /* GrowlApplicationNotification.h */,
				59EAC72213A25C480092BC07 /* GrowlDefinesInternal.h */,
			);
			name = Growl;
			path = Classes/GrowlPlugin/Growl;
			sourceTree = "<group>";
		};
		595CA55113A1074700A24CB2 /* Resources */ = {
			isa = PBXGroup;
			children = (
				595CA78213A122AC00A24CB2 /* SMTPClientGrowlPrefs.xib */,
			);
			name = Resources;
			sourceTree = "<group>";
		};
		597C8E6A13A746C800AABAD6 /* Products */ = {
			isa = PBXGroup;
			children = (
				597C8E7013A746C800AABAD6 /* Nitrogen.framework */,
				597C8E7413A746C800AABAD6 /* Unit Tests.octest */,
			);
			name = Products;
			sourceTree = "<group>";
		};
		71C4B65613A4A821008E5639 /* Other Sources */ = {
			isa = PBXGroup;
			children = (
				595CA30113A0DE1F00A24CB2 /* Nitrogen.xcodeproj */,
			);
			name = "Other Sources";
			sourceTree = "<group>";
		};
		71E1B3E713A663B30083323C /* Tests */ = {
			isa = PBXGroup;
			children = (
				71E1B3DE13A663370083323C /* SMTPClientTests-Info.plist */,
				71E1B42313A668380083323C /* Classes */,
				71E1B42413A6683E0083323C /* Resources */,
			);
			name = Tests;
			sourceTree = "<group>";
		};
		71E1B42313A668380083323C /* Classes */ = {
			isa = PBXGroup;
			children = (
				71E1B3E813A663E40083323C /* SMTPClientTests.h */,
				71E1B3E913A663E40083323C /* SMTPClientTests.mm */,
			);
			name = Classes;
			sourceTree = "<group>";
		};
		71E1B42413A6683E0083323C /* Resources */ = {
			isa = PBXGroup;
			children = (
			);
			name = Resources;
			sourceTree = "<group>";
		};
/* End PBXGroup section */

/* Begin PBXNativeTarget section */
		595CA48013A0FF2C00A24CB2 /* SMTPClient Growl Plugin */ = {
			isa = PBXNativeTarget;
			buildConfigurationList = 595CA48513A0FF2D00A24CB2 /* Build configuration list for PBXNativeTarget "SMTPClient Growl Plugin" */;
			buildPhases = (
				595CA47D13A0FF2C00A24CB2 /* Resources */,
				595CA62C13A115C700A24CB2 /* Copy Frameworks */,
				59EAC6E813A25BB70092BC07 /* Clean Nitrogen Headers */,
				595CA47E13A0FF2C00A24CB2 /* Sources */,
				595CA47F13A0FF2C00A24CB2 /* Frameworks */,
			);
			buildRules = (
			);
			dependencies = (
				5910DAE713A7A926009F7A62 /* PBXTargetDependency */,
			);
			name = "SMTPClient Growl Plugin";
			productName = "SMTPClient Growl Plugin";
			productReference = 595CA48113A0FF2C00A24CB2 /* SMTPMail.growlView */;
			productType = "com.apple.product-type.bundle";
		};
		71E1B41113A667DD0083323C /* SMTPClient Tests */ = {
			isa = PBXNativeTarget;
			buildConfigurationList = 71E1B41613A667DE0083323C /* Build configuration list for PBXNativeTarget "SMTPClient Tests" */;
			buildPhases = (
				71E1B40D13A667DD0083323C /* Resources */,
				714CAF0913A6696000DAA5E5 /* Copy Frameworks */,
				714CAF0B13A6696D00DAA5E5 /* Nitrogen A */,
				71E1B40E13A667DD0083323C /* Sources */,
				71E1B40F13A667DD0083323C /* Frameworks */,
				71E1B41013A667DD0083323C /* ShellScript */,
			);
			buildRules = (
			);
			dependencies = (
			);
			name = "SMTPClient Tests";
			productName = "SMTPClient Tests";
			productReference = 71E1B41213A667DD0083323C /* SMTPClient.octest */;
			productType = "com.apple.product-type.bundle";
		};
		8D1107260486CEB800E47090 /* SMTPClient App */ = {
			isa = PBXNativeTarget;
			buildConfigurationList = C01FCF4A08A954540054247B /* Build configuration list for PBXNativeTarget "SMTPClient App" */;
			buildPhases = (
				8D1107290486CEB800E47090 /* Resources */,
				59E0BE43139FC21100477835 /* Copy Frameworks */,
				59EAC6E513A25B990092BC07 /* Clean Nitrogen Headers */,
				8D11072C0486CEB800E47090 /* Sources */,
				8D11072E0486CEB800E47090 /* Frameworks */,
			);
			buildRules = (
			);
			dependencies = (
				5910DAA113A7A586009F7A62 /* PBXTargetDependency */,
			);
			name = "SMTPClient App";
			productInstallPath = "$(HOME)/Applications";
			productName = smtp;
			productReference = 8D1107320486CEB800E47090 /* SMTPClient.app */;
			productType = "com.apple.product-type.application";
		};
/* End PBXNativeTarget section */

/* Begin PBXProject section */
		29B97313FDCFA39411CA2CEA /* Project object */ = {
			isa = PBXProject;
			buildConfigurationList = C01FCF4E08A954540054247B /* Build configuration list for PBXProject "SMTPClient" */;
			compatibilityVersion = "Xcode 3.1";
			developmentRegion = English;
			hasScannedForEncodings = 1;
			knownRegions = (
				English,
				Japanese,
				French,
				German,
			);
			mainGroup = 29B97314FDCFA39411CA2CEA /* smtp */;
			projectDirPath = "";
			projectReferences = (
				{
					ProductGroup = 597C8E6A13A746C800AABAD6 /* Products */;
					ProjectRef = 595CA30113A0DE1F00A24CB2 /* Nitrogen.xcodeproj */;
				},
			);
			projectRoot = "";
			targets = (
				8D1107260486CEB800E47090 /* SMTPClient App */,
				595CA48013A0FF2C00A24CB2 /* SMTPClient Growl Plugin */,
				71E1B41113A667DD0083323C /* SMTPClient Tests */,
			);
		};
/* End PBXProject section */

/* Begin PBXReferenceProxy section */
		597C8E7013A746C800AABAD6 /* Nitrogen.framework */ = {
			isa = PBXReferenceProxy;
			fileType = wrapper.framework;
			path = Nitrogen.framework;
			remoteRef = 597C8E6F13A746C800AABAD6 /* PBXContainerItemProxy */;
			sourceTree = BUILT_PRODUCTS_DIR;
		};
		597C8E7413A746C800AABAD6 /* Unit Tests.octest */ = {
			isa = PBXReferenceProxy;
			fileType = wrapper.cfbundle;
			path = "Unit Tests.octest";
			remoteRef = 597C8E7313A746C800AABAD6 /* PBXContainerItemProxy */;
			sourceTree = BUILT_PRODUCTS_DIR;
		};
/* End PBXReferenceProxy section */

/* Begin PBXResourcesBuildPhase section */
		595CA47D13A0FF2C00A24CB2 /* Resources */ = {
			isa = PBXResourcesBuildPhase;
			buildActionMask = 2147483647;
			files = (
				595CA78413A122AC00A24CB2 /* SMTPClientGrowlPrefs.xib in Resources */,
			);
			runOnlyForDeploymentPostprocessing = 0;
		};
		71E1B40D13A667DD0083323C /* Resources */ = {
			isa = PBXResourcesBuildPhase;
			buildActionMask = 2147483647;
			files = (
			);
			runOnlyForDeploymentPostprocessing = 0;
		};
		8D1107290486CEB800E47090 /* Resources */ = {
			isa = PBXResourcesBuildPhase;
			buildActionMask = 2147483647;
			files = (
				8D11072B0486CEB800E47090 /* InfoPlist.strings in Resources */,
				1DDD58160DA1D0A300B32029 /* MainMenu.xib in Resources */,
				59E0BD60139FB4EA00477835 /* EmailWindow.xib in Resources */,
			);
			runOnlyForDeploymentPostprocessing = 0;
		};
/* End PBXResourcesBuildPhase section */

/* Begin PBXShellScriptBuildPhase section */
		59EAC6E513A25B990092BC07 /* Clean Nitrogen Headers */ = {
			isa = PBXShellScriptBuildPhase;
			buildActionMask = 2147483647;
			files = (
			);
			inputPaths = (
			);
			name = "Clean Nitrogen Headers";
			outputPaths = (
			);
			runOnlyForDeploymentPostprocessing = 0;
			shellPath = /bin/sh;
			shellScript = "cd \"$TARGET_BUILD_DIR/$FRAMEWORKS_FOLDER_PATH/Nitrogen.framework/Versions\"\nrm -Rf ../Headers A/Headers\n";
		};
		59EAC6E813A25BB70092BC07 /* Clean Nitrogen Headers */ = {
			isa = PBXShellScriptBuildPhase;
			buildActionMask = 2147483647;
			files = (
			);
			inputPaths = (
			);
			name = "Clean Nitrogen Headers";
			outputPaths = (
			);
			runOnlyForDeploymentPostprocessing = 0;
			shellPath = /bin/sh;
			shellScript = "cd \"$TARGET_BUILD_DIR/$FRAMEWORKS_FOLDER_PATH/Nitrogen.framework/Versions\"\nrm -Rf ../Headers A/Headers\n";
		};
		714CAF0B13A6696D00DAA5E5 /* Nitrogen A */ = {
			isa = PBXShellScriptBuildPhase;
			buildActionMask = 2147483647;
			files = (
			);
			inputPaths = (
			);
			name = "Nitrogen A";
			outputPaths = (
			);
			runOnlyForDeploymentPostprocessing = 0;
			shellPath = /bin/sh;
			shellScript = "cd \"$TARGET_BUILD_DIR/$FRAMEWORKS_FOLDER_PATH/Nitrogen.framework/Versions\"\nfind . -type d -maxdepth 1 -mindepth 1 | grep -v './A' | xargs rm -Rf\nrm Current\nln -s A Current\nrm -Rf ../Headers A/Headers";
		};
		71E1B41013A667DD0083323C /* ShellScript */ = {
			isa = PBXShellScriptBuildPhase;
			buildActionMask = 2147483647;
			files = (
			);
			inputPaths = (
			);
			outputPaths = (
			);
			runOnlyForDeploymentPostprocessing = 0;
			shellPath = /bin/sh;
			shellScript = "# Run the unit tests in this test bundle.\n\"${SYSTEM_DEVELOPER_DIR}/Tools/RunUnitTests\"\n";
		};
/* End PBXShellScriptBuildPhase section */

/* Begin PBXSourcesBuildPhase section */
		595CA47E13A0FF2C00A24CB2 /* Sources */ = {
			isa = PBXSourcesBuildPhase;
			buildActionMask = 2147483647;
			files = (
				595CA53C13A1025900A24CB2 /* SMTPClientGrowlDisplay.mm in Sources */,
				595CA53D13A1025900A24CB2 /* SMTPClientGrowlPrefs.mm in Sources */,
				5910DC4813A7B36B009F7A62 /* SMTPClient.mm in Sources */,
			);
			runOnlyForDeploymentPostprocessing = 0;
		};
		71E1B40E13A667DD0083323C /* Sources */ = {
			isa = PBXSourcesBuildPhase;
			buildActionMask = 2147483647;
			files = (
				71E1B42513A6686D0083323C /* SMTPClientTests.mm in Sources */,
				71E1B42613A668750083323C /* SMTPClient.mm in Sources */,
			);
			runOnlyForDeploymentPostprocessing = 0;
		};
		8D11072C0486CEB800E47090 /* Sources */ = {
			isa = PBXSourcesBuildPhase;
			buildActionMask = 2147483647;
			files = (
				8D11072D0486CEB800E47090 /* SMTPClientApp.m in Sources */,
				256AC3DA0F4B6AC300CF3369 /* SMTPClientAppDelegate.mm in Sources */,
				59E0BD51139FB38800477835 /* SMTPClientWindowController.mm in Sources */,
				59E0BE4E139FC41D00477835 /* SMTPClient.mm in Sources */,
			);
			runOnlyForDeploymentPostprocessing = 0;
		};
/* End PBXSourcesBuildPhase section */

/* Begin PBXTargetDependency section */
		5910DAA113A7A586009F7A62 /* PBXTargetDependency */ = {
			isa = PBXTargetDependency;
			name = Nitrogen;
			targetProxy = 5910DAA013A7A586009F7A62 /* PBXContainerItemProxy */;
		};
		5910DAE713A7A926009F7A62 /* PBXTargetDependency */ = {
			isa = PBXTargetDependency;
			name = Nitrogen;
			targetProxy = 5910DAE613A7A926009F7A62 /* PBXContainerItemProxy */;
		};
/* End PBXTargetDependency section */

/* Begin PBXVariantGroup section */
		089C165CFE840E0CC02AAC07 /* InfoPlist.strings */ = {
			isa = PBXVariantGroup;
			children = (
				089C165DFE840E0CC02AAC07 /* InfoPlist.strings */,
			);
			name = InfoPlist.strings;
			sourceTree = "<group>";
		};
		1DDD58140DA1D0A300B32029 /* MainMenu.xib */ = {
			isa = PBXVariantGroup;
			children = (
				1DDD58150DA1D0A300B32029 /* MainMenu.xib */,
			);
			name = MainMenu.xib;
			sourceTree = "<group>";
		};
		595CA78213A122AC00A24CB2 /* SMTPClientGrowlPrefs.xib */ = {
			isa = PBXVariantGroup;
			children = (
				595CA78313A122AC00A24CB2 /* English */,
			);
			name = SMTPClientGrowlPrefs.xib;
			sourceTree = "<group>";
		};
		59E0BD5E139FB4EA00477835 /* EmailWindow.xib */ = {
			isa = PBXVariantGroup;
			children = (
				59E0BD5F139FB4EA00477835 /* EmailWindow.xib */,
			);
			name = EmailWindow.xib;
			sourceTree = "<group>";
		};
/* End PBXVariantGroup section */

/* Begin XCBuildConfiguration section */
		595CA48313A0FF2D00A24CB2 /* Debug */ = {
			isa = XCBuildConfiguration;
			buildSettings = {
				ALWAYS_SEARCH_USER_PATHS = NO;
				ARCHS = (
					ppc,
					i386,
					x86_64,
				);
				COPY_PHASE_STRIP = NO;
				FRAMEWORK_SEARCH_PATHS = (
					"$(inherited)",
					"\"$(SRCROOT)/../osirix-trunk/nitrogen/build/Development\"",
				);
				GCC_DYNAMIC_NO_PIC = NO;
				GCC_ENABLE_FIX_AND_CONTINUE = YES;
				GCC_ENABLE_OBJC_GC = supported;
				GCC_MODEL_TUNING = G5;
				GCC_OPTIMIZATION_LEVEL = 0;
				GCC_PRECOMPILE_PREFIX_HEADER = YES;
				GCC_PREFIX_HEADER = SMTPClientGrowlPlugin.pch;
				INFOPLIST_FILE = "SMTPClientGrowlPlugin-Info.plist";
				INSTALL_PATH = "$(HOME)/Library/Application Support/Growl/Plugins";
				ONLY_ACTIVE_ARCH = NO;
				OTHER_LDFLAGS = (
					"-undefined",
					dynamic_lookup,
				);
				PREBINDING = NO;
				PRODUCT_NAME = SMTPMail;
				SDKROOT = macosx10.5;
				WRAPPER_EXTENSION = growlView;
			};
			name = Debug;
		};
		595CA48413A0FF2D00A24CB2 /* Release */ = {
			isa = XCBuildConfiguration;
			buildSettings = {
				ALWAYS_SEARCH_USER_PATHS = NO;
				ARCHS = (
					ppc,
					i386,
					x86_64,
				);
				COPY_PHASE_STRIP = YES;
				DEBUG_INFORMATION_FORMAT = "dwarf-with-dsym";
				FRAMEWORK_SEARCH_PATHS = (
					"$(inherited)",
					"\"$(SRCROOT)/../../Projects/osirix-branch-CoreData/nitrogen/build/Development\"",
					"\"$(SRCROOT)/../../Development/osirix-trunk/nitrogen/build/Development\"",
				);
				GCC_ENABLE_FIX_AND_CONTINUE = NO;
				GCC_ENABLE_OBJC_GC = supported;
				GCC_MODEL_TUNING = G5;
				GCC_PRECOMPILE_PREFIX_HEADER = YES;
				GCC_PREFIX_HEADER = "$(SYSTEM_LIBRARY_DIR)/Frameworks/AppKit.framework/Headers/AppKit.h";
				INFOPLIST_FILE = "SMTPClientGrowlPlugin-Info.plist";
				INSTALL_PATH = "$(HOME)/Library/Application Support/Growl/Plugins";
				OTHER_LDFLAGS = (
					"-undefined",
					dynamic_lookup,
				);
				PREBINDING = NO;
				PRODUCT_NAME = SMTPClient;
				SDKROOT = macosx10.5;
				WRAPPER_EXTENSION = growlView;
				ZERO_LINK = NO;
			};
			name = Release;
		};
		71E1B41413A667DE0083323C /* Debug */ = {
			isa = XCBuildConfiguration;
			buildSettings = {
				ALWAYS_SEARCH_USER_PATHS = NO;
				COPY_PHASE_STRIP = NO;
				FRAMEWORK_SEARCH_PATHS = (
					"$(DEVELOPER_LIBRARY_DIR)/Frameworks",
					"\"$(SRCROOT)/../osirix-trunk/nitrogen/build/Development\"",
				);
				GCC_DYNAMIC_NO_PIC = NO;
				GCC_ENABLE_FIX_AND_CONTINUE = NO;
				GCC_ENABLE_OBJC_EXCEPTIONS = YES;
				GCC_MODEL_TUNING = G5;
				GCC_OPTIMIZATION_LEVEL = 0;
				GCC_PRECOMPILE_PREFIX_HEADER = YES;
				GCC_PREFIX_HEADER = "$(SYSTEM_LIBRARY_DIR)/Frameworks/Cocoa.framework/Headers/Cocoa.h";
				INFOPLIST_FILE = "SMTPClientTests-Info.plist";
				INSTALL_PATH = "$(USER_LIBRARY_DIR)/Bundles";
				OTHER_LDFLAGS = (
					"-framework",
					Cocoa,
					"-framework",
					SenTestingKit,
				);
				PREBINDING = NO;
				PRODUCT_NAME = SMTPClient;
				WRAPPER_EXTENSION = octest;
			};
			name = Debug;
		};
		71E1B41513A667DE0083323C /* Release */ = {
			isa = XCBuildConfiguration;
			buildSettings = {
				ALWAYS_SEARCH_USER_PATHS = NO;
				COPY_PHASE_STRIP = YES;
				DEBUG_INFORMATION_FORMAT = "dwarf-with-dsym";
				FRAMEWORK_SEARCH_PATHS = (
					"$(DEVELOPER_LIBRARY_DIR)/Frameworks",
					"\"$(SRCROOT)/../osirix-trunk/nitrogen/build/Development\"",
				);
				GCC_ENABLE_FIX_AND_CONTINUE = NO;
				GCC_ENABLE_OBJC_EXCEPTIONS = YES;
				GCC_MODEL_TUNING = G5;
				GCC_PRECOMPILE_PREFIX_HEADER = YES;
				GCC_PREFIX_HEADER = "$(SYSTEM_LIBRARY_DIR)/Frameworks/Cocoa.framework/Headers/Cocoa.h";
				INFOPLIST_FILE = "SMTPClient Tests-Info.plist";
				INSTALL_PATH = "$(USER_LIBRARY_DIR)/Bundles";
				OTHER_LDFLAGS = (
					"-framework",
					Cocoa,
					"-framework",
					SenTestingKit,
				);
				PREBINDING = NO;
				PRODUCT_NAME = "SMTPClient Tests";
				WRAPPER_EXTENSION = octest;
				ZERO_LINK = NO;
			};
			name = Release;
		};
		C01FCF4B08A954540054247B /* Debug */ = {
			isa = XCBuildConfiguration;
			buildSettings = {
				ALWAYS_SEARCH_USER_PATHS = NO;
				COPY_PHASE_STRIP = NO;
				FRAMEWORK_SEARCH_PATHS = (
					"$(inherited)",
					"\"$(SRCROOT)/../osirix-trunk/nitrogen/build/Development\"",
				);
				GCC_DYNAMIC_NO_PIC = NO;
				GCC_ENABLE_FIX_AND_CONTINUE = YES;
				GCC_MODEL_TUNING = G5;
				GCC_OPTIMIZATION_LEVEL = 0;
				GCC_PRECOMPILE_PREFIX_HEADER = YES;
				GCC_PREFIX_HEADER = SMTPClientApp.pch;
				INFOPLIST_FILE = "SMTPClientApp-Info.plist";
				INSTALL_PATH = "$(HOME)/Applications";
				PRODUCT_NAME = SMTPClient;
			};
			name = Debug;
		};
		C01FCF4C08A954540054247B /* Release */ = {
			isa = XCBuildConfiguration;
			buildSettings = {
				ALWAYS_SEARCH_USER_PATHS = NO;
				DEBUG_INFORMATION_FORMAT = "dwarf-with-dsym";
				FRAMEWORK_SEARCH_PATHS = (
					"$(inherited)",
					"\"$(SRCROOT)/../../Projects/osirix-branch-CoreData/nitrogen/build/Development\"",
					"\"$(SRCROOT)/../../Development/osirix-trunk/nitrogen/build/Development\"",
				);
				GCC_MODEL_TUNING = G5;
				GCC_PRECOMPILE_PREFIX_HEADER = YES;
				GCC_PREFIX_HEADER = smtp_Prefix.pch;
				INFOPLIST_FILE = "smtp-Info.plist";
				INSTALL_PATH = "$(HOME)/Applications";
				PRODUCT_NAME = smtp;
			};
			name = Release;
		};
		C01FCF4F08A954540054247B /* Debug */ = {
			isa = XCBuildConfiguration;
			buildSettings = {
				ARCHS = "$(ARCHS_STANDARD_32_64_BIT)";
				GCC_C_LANGUAGE_STANDARD = gnu99;
				GCC_OPTIMIZATION_LEVEL = 0;
				GCC_WARN_ABOUT_RETURN_TYPE = YES;
				GCC_WARN_UNUSED_VARIABLE = YES;
				ONLY_ACTIVE_ARCH = YES;
				PREBINDING = NO;
				SDKROOT = macosx10.6;
			};
			name = Debug;
		};
		C01FCF5008A954540054247B /* Release */ = {
			isa = XCBuildConfiguration;
			buildSettings = {
				ARCHS = "$(ARCHS_STANDARD_32_64_BIT)";
				GCC_C_LANGUAGE_STANDARD = gnu99;
				GCC_WARN_ABOUT_RETURN_TYPE = YES;
				GCC_WARN_UNUSED_VARIABLE = YES;
				PREBINDING = NO;
				SDKROOT = macosx10.6;
			};
			name = Release;
		};
/* End XCBuildConfiguration section */

/* Begin XCConfigurationList section */
		595CA48513A0FF2D00A24CB2 /* Build configuration list for PBXNativeTarget "SMTPClient Growl Plugin" */ = {
			isa = XCConfigurationList;
			buildConfigurations = (
				595CA48313A0FF2D00A24CB2 /* Debug */,
				595CA48413A0FF2D00A24CB2 /* Release */,
			);
			defaultConfigurationIsVisible = 0;
			defaultConfigurationName = Release;
		};
		71E1B41613A667DE0083323C /* Build configuration list for PBXNativeTarget "SMTPClient Tests" */ = {
			isa = XCConfigurationList;
			buildConfigurations = (
				71E1B41413A667DE0083323C /* Debug */,
				71E1B41513A667DE0083323C /* Release */,
			);
			defaultConfigurationIsVisible = 0;
			defaultConfigurationName = Release;
		};
		C01FCF4A08A954540054247B /* Build configuration list for PBXNativeTarget "SMTPClient App" */ = {
			isa = XCConfigurationList;
			buildConfigurations = (
				C01FCF4B08A954540054247B /* Debug */,
				C01FCF4C08A954540054247B /* Release */,
			);
			defaultConfigurationIsVisible = 0;
			defaultConfigurationName = Release;
		};
		C01FCF4E08A954540054247B /* Build configuration list for PBXProject "SMTPClient" */ = {
			isa = XCConfigurationList;
			buildConfigurations = (
				C01FCF4F08A954540054247B /* Debug */,
				C01FCF5008A954540054247B /* Release */,
			);
			defaultConfigurationIsVisible = 0;
			defaultConfigurationName = Release;
		};
/* End XCConfigurationList section */
	};
	rootObject = 29B97313FDCFA39411CA2CEA /* Project object */;
}
