// !$*UTF8*$!
{
	archiveVersion = 1;
	classes = {
	};
	objectVersion = 46;
	objects = {

/* Begin PBXBuildFile section */
		1DDD58160DA1D0A300B32029 /* MainMenu.xib in Resources */ = {isa = PBXBuildFile; fileRef = 1DDD58140DA1D0A300B32029 /* MainMenu.xib */; };
		256AC3DA0F4B6AC300CF3369 /* MailMeTooAppDelegate.m in Sources */ = {isa = PBXBuildFile; fileRef = 256AC3D90F4B6AC300CF3369 /* MailMeTooAppDelegate.m */; };
		5910DC4813A7B36B009F7A62 /* SMTPClient.m in Sources */ = {isa = PBXBuildFile; fileRef = 59E0BE4D139FC41D00477835 /* SMTPClient.m */; };
		595CA53C13A1025900A24CB2 /* MailMeTooDisplay.m in Sources */ = {isa = PBXBuildFile; fileRef = 595CA53313A1025900A24CB2 /* MailMeTooDisplay.m */; };
		595CA53D13A1025900A24CB2 /* MailMeTooPreferences.m in Sources */ = {isa = PBXBuildFile; fileRef = 595CA53513A1025900A24CB2 /* MailMeTooPreferences.m */; };
		59E0BD51139FB38800477835 /* MailMeTooWindowController.m in Sources */ = {isa = PBXBuildFile; fileRef = 59E0BD50139FB38800477835 /* MailMeTooWindowController.m */; };
		59E0BD60139FB4EA00477835 /* EmailWindow.xib in Resources */ = {isa = PBXBuildFile; fileRef = 59E0BD5E139FB4EA00477835 /* EmailWindow.xib */; };
		59E0BE4E139FC41D00477835 /* SMTPClient.m in Sources */ = {isa = PBXBuildFile; fileRef = 59E0BE4D139FC41D00477835 /* SMTPClient.m */; };
		7108B1A214B50ABD008894A1 /* IsNonEmptyString.m in Sources */ = {isa = PBXBuildFile; fileRef = 7108B1A114B50ABD008894A1 /* IsNonEmptyString.m */; };
		7108B1A314B50ABD008894A1 /* IsNonEmptyString.m in Sources */ = {isa = PBXBuildFile; fileRef = 7108B1A114B50ABD008894A1 /* IsNonEmptyString.m */; };
		714F149D14B23D8F00930F6A /* MMTPopUpButtonCell.m in Sources */ = {isa = PBXBuildFile; fileRef = 714F149C14B23D8F00930F6A /* MMTPopUpButtonCell.m */; };
		714F149E14B23D8F00930F6A /* MMTPopUpButtonCell.m in Sources */ = {isa = PBXBuildFile; fileRef = 714F149C14B23D8F00930F6A /* MMTPopUpButtonCell.m */; };
		71ACBCF013A951AD004C8E22 /* libiconv.dylib in Frameworks */ = {isa = PBXBuildFile; fileRef = 71ACBCEF13A951AD004C8E22 /* libiconv.dylib */; };
		71ACBCF113A951AD004C8E22 /* libiconv.dylib in Frameworks */ = {isa = PBXBuildFile; fileRef = 71ACBCEF13A951AD004C8E22 /* libiconv.dylib */; };
		71ACBDB713AC03AB004C8E22 /* Preferences.xib in Resources */ = {isa = PBXBuildFile; fileRef = 71ACBDB513AC03AB004C8E22 /* Preferences.xib */; };
		71ACC2B613AC91D2004C8E22 /* MailApp.m in Sources */ = {isa = PBXBuildFile; fileRef = 71ACC2B513AC91D2004C8E22 /* MailApp.m */; };
		71ACC2B713AC91D2004C8E22 /* MailApp.m in Sources */ = {isa = PBXBuildFile; fileRef = 71ACC2B513AC91D2004C8E22 /* MailApp.m */; };
		71B1F9B914B2300900579EDC /* Security.framework in Frameworks */ = {isa = PBXBuildFile; fileRef = 71B1F9B814B2300900579EDC /* Security.framework */; };
		71B1F9BA14B2300900579EDC /* Security.framework in Frameworks */ = {isa = PBXBuildFile; fileRef = 71B1F9B814B2300900579EDC /* Security.framework */; };
		8D11072B0486CEB800E47090 /* InfoPlist.strings in Resources */ = {isa = PBXBuildFile; fileRef = 089C165CFE840E0CC02AAC07 /* InfoPlist.strings */; };
		8D11072D0486CEB800E47090 /* MailMeTooApp.m in Sources */ = {isa = PBXBuildFile; fileRef = 29B97316FDCFA39411CA2CEA /* MailMeTooApp.m */; settings = {ATTRIBUTES = (); }; };
		8D11072F0486CEB800E47090 /* Cocoa.framework in Frameworks */ = {isa = PBXBuildFile; fileRef = 1058C7A1FEA54F0111CA2CBB /* Cocoa.framework */; };
/* End PBXBuildFile section */

/* Begin PBXFileReference section */
		089C165DFE840E0CC02AAC07 /* InfoPlist.strings */ = {isa = PBXFileReference; fileEncoding = 4; lastKnownFileType = text.plist.strings; name = InfoPlist.strings; path = Resources/App/English.lproj/InfoPlist.strings; sourceTree = "<group>"; };
		1058C7A1FEA54F0111CA2CBB /* Cocoa.framework */ = {isa = PBXFileReference; lastKnownFileType = wrapper.framework; name = Cocoa.framework; path = /System/Library/Frameworks/Cocoa.framework; sourceTree = "<absolute>"; };
		13E42FB307B3F0F600E4EEF1 /* CoreData.framework */ = {isa = PBXFileReference; lastKnownFileType = wrapper.framework; name = CoreData.framework; path = /System/Library/Frameworks/CoreData.framework; sourceTree = "<absolute>"; };
		1DDD58150DA1D0A300B32029 /* MainMenu.xib */ = {isa = PBXFileReference; lastKnownFileType = file.xib; name = MainMenu.xib; path = Resources/App/English.lproj/MainMenu.xib; sourceTree = "<group>"; };
		256AC3D80F4B6AC300CF3369 /* MailMeTooAppDelegate.h */ = {isa = PBXFileReference; fileEncoding = 4; lastKnownFileType = sourcecode.c.h; name = MailMeTooAppDelegate.h; path = Classes/App/MailMeTooAppDelegate.h; sourceTree = "<group>"; };
		256AC3D90F4B6AC300CF3369 /* MailMeTooAppDelegate.m */ = {isa = PBXFileReference; fileEncoding = 4; lastKnownFileType = sourcecode.c.objc; name = MailMeTooAppDelegate.m; path = Classes/App/MailMeTooAppDelegate.m; sourceTree = "<group>"; };
		256AC3F00F4B6AF500CF3369 /* MailMeTooApp.pch */ = {isa = PBXFileReference; fileEncoding = 4; lastKnownFileType = sourcecode.c.h; path = MailMeTooApp.pch; sourceTree = "<group>"; };
		29B97316FDCFA39411CA2CEA /* MailMeTooApp.m */ = {isa = PBXFileReference; fileEncoding = 4; lastKnownFileType = sourcecode.c.objc; path = MailMeTooApp.m; sourceTree = "<group>"; };
		29B97324FDCFA39411CA2CEA /* AppKit.framework */ = {isa = PBXFileReference; lastKnownFileType = wrapper.framework; name = AppKit.framework; path = /System/Library/Frameworks/AppKit.framework; sourceTree = "<absolute>"; };
		29B97325FDCFA39411CA2CEA /* Foundation.framework */ = {isa = PBXFileReference; lastKnownFileType = wrapper.framework; name = Foundation.framework; path = /System/Library/Frameworks/Foundation.framework; sourceTree = "<absolute>"; };
		595CA48113A0FF2C00A24CB2 /* MailMeToo.growlView */ = {isa = PBXFileReference; explicitFileType = wrapper.cfbundle; includeInIndex = 0; path = MailMeToo.growlView; sourceTree = BUILT_PRODUCTS_DIR; };
		595CA48E13A0FF9900A24CB2 /* MailMeTooPlugin-Info.plist */ = {isa = PBXFileReference; fileEncoding = 4; lastKnownFileType = text.plist.xml; path = "MailMeTooPlugin-Info.plist"; sourceTree = "<group>"; };
		595CA52113A1025900A24CB2 /* GrowlDisplayPlugin.h */ = {isa = PBXFileReference; fileEncoding = 4; lastKnownFileType = sourcecode.c.h; path = GrowlDisplayPlugin.h; sourceTree = "<group>"; };
		595CA53213A1025900A24CB2 /* MailMeTooDisplay.h */ = {isa = PBXFileReference; fileEncoding = 4; lastKnownFileType = sourcecode.c.h; name = MailMeTooDisplay.h; path = Classes/Plugin/MailMeTooDisplay.h; sourceTree = "<group>"; };
		595CA53313A1025900A24CB2 /* MailMeTooDisplay.m */ = {isa = PBXFileReference; fileEncoding = 4; lastKnownFileType = sourcecode.c.objc; name = MailMeTooDisplay.m; path = Classes/Plugin/MailMeTooDisplay.m; sourceTree = "<group>"; };
		595CA53413A1025900A24CB2 /* MailMeTooPreferences.h */ = {isa = PBXFileReference; fileEncoding = 4; lastKnownFileType = sourcecode.c.h; name = MailMeTooPreferences.h; path = Classes/Plugin/MailMeTooPreferences.h; sourceTree = "<group>"; };
		595CA53513A1025900A24CB2 /* MailMeTooPreferences.m */ = {isa = PBXFileReference; fileEncoding = 4; lastKnownFileType = sourcecode.c.objc; name = MailMeTooPreferences.m; path = Classes/Plugin/MailMeTooPreferences.m; sourceTree = "<group>"; };
		595CA74013A11F0D00A24CB2 /* GrowlPlugin.h */ = {isa = PBXFileReference; fileEncoding = 4; lastKnownFileType = sourcecode.c.h; path = GrowlPlugin.h; sourceTree = "<group>"; };
		595CA74313A11F4300A24CB2 /* GrowlApplicationNotification.h */ = {isa = PBXFileReference; fileEncoding = 4; lastKnownFileType = sourcecode.c.h; path = GrowlApplicationNotification.h; sourceTree = "<group>"; };
		59E0BD4F139FB38800477835 /* MailMeTooWindowController.h */ = {isa = PBXFileReference; fileEncoding = 4; lastKnownFileType = sourcecode.c.h; name = MailMeTooWindowController.h; path = Classes/App/MailMeTooWindowController.h; sourceTree = "<group>"; };
		59E0BD50139FB38800477835 /* MailMeTooWindowController.m */ = {isa = PBXFileReference; fileEncoding = 4; lastKnownFileType = sourcecode.c.objc; name = MailMeTooWindowController.m; path = Classes/App/MailMeTooWindowController.m; sourceTree = "<group>"; };
		59E0BD5F139FB4EA00477835 /* EmailWindow.xib */ = {isa = PBXFileReference; lastKnownFileType = file.xib; name = EmailWindow.xib; path = Resources/App/English.lproj/EmailWindow.xib; sourceTree = "<group>"; };
		59E0BE4C139FC41D00477835 /* SMTPClient.h */ = {isa = PBXFileReference; fileEncoding = 4; lastKnownFileType = sourcecode.c.h; name = SMTPClient.h; path = Classes/SMTPClient.h; sourceTree = "<group>"; };
		59E0BE4D139FC41D00477835 /* SMTPClient.m */ = {isa = PBXFileReference; fileEncoding = 4; lastKnownFileType = sourcecode.c.objc; name = SMTPClient.m; path = Classes/SMTPClient.m; sourceTree = "<group>"; };
		59EAC72213A25C480092BC07 /* GrowlDefinesInternal.h */ = {isa = PBXFileReference; fileEncoding = 4; lastKnownFileType = sourcecode.c.h; path = GrowlDefinesInternal.h; sourceTree = "<group>"; };
		7108B1A014B50ABD008894A1 /* IsNonEmptyString.h */ = {isa = PBXFileReference; fileEncoding = 4; lastKnownFileType = sourcecode.c.h; name = IsNonEmptyString.h; path = Classes/IsNonEmptyString.h; sourceTree = "<group>"; };
		7108B1A114B50ABD008894A1 /* IsNonEmptyString.m */ = {isa = PBXFileReference; fileEncoding = 4; lastKnownFileType = sourcecode.c.objc; name = IsNonEmptyString.m; path = Classes/IsNonEmptyString.m; sourceTree = "<group>"; };
		714F149B14B23D8F00930F6A /* MMTPopUpButtonCell.h */ = {isa = PBXFileReference; fileEncoding = 4; lastKnownFileType = sourcecode.c.h; name = MMTPopUpButtonCell.h; path = Classes/MMTPopUpButtonCell.h; sourceTree = "<group>"; };
		714F149C14B23D8F00930F6A /* MMTPopUpButtonCell.m */ = {isa = PBXFileReference; fileEncoding = 4; lastKnownFileType = sourcecode.c.objc; name = MMTPopUpButtonCell.m; path = Classes/MMTPopUpButtonCell.m; sourceTree = "<group>"; };
		71ACBCEF13A951AD004C8E22 /* libiconv.dylib */ = {isa = PBXFileReference; lastKnownFileType = "compiled.mach-o.dylib"; name = libiconv.dylib; path = usr/lib/libiconv.dylib; sourceTree = SDKROOT; };
		71ACBDB613AC03AB004C8E22 /* English */ = {isa = PBXFileReference; lastKnownFileType = file.xib; name = English; path = Resources/Plugin/English.lproj/Preferences.xib; sourceTree = "<group>"; };
		71ACC2B413AC91D2004C8E22 /* MailApp.h */ = {isa = PBXFileReference; fileEncoding = 4; lastKnownFileType = sourcecode.c.h; name = MailApp.h; path = Classes/MailApp.h; sourceTree = "<group>"; };
		71ACC2B513AC91D2004C8E22 /* MailApp.m */ = {isa = PBXFileReference; fileEncoding = 4; lastKnownFileType = sourcecode.c.objc; name = MailApp.m; path = Classes/MailApp.m; sourceTree = "<group>"; };
		71B1F9B814B2300900579EDC /* Security.framework */ = {isa = PBXFileReference; lastKnownFileType = wrapper.framework; name = Security.framework; path = ../../../../System/Library/Frameworks/Security.framework; sourceTree = "<group>"; };
		8D1107310486CEB800E47090 /* MailMeTooApp-Info.plist */ = {isa = PBXFileReference; fileEncoding = 4; lastKnownFileType = text.plist.xml; path = "MailMeTooApp-Info.plist"; sourceTree = "<group>"; };
		8D1107320486CEB800E47090 /* MailMeToo.app */ = {isa = PBXFileReference; explicitFileType = wrapper.application; includeInIndex = 0; path = MailMeToo.app; sourceTree = BUILT_PRODUCTS_DIR; };
/* End PBXFileReference section */

/* Begin PBXFrameworksBuildPhase section */
		595CA47F13A0FF2C00A24CB2 /* Frameworks */ = {
			isa = PBXFrameworksBuildPhase;
			buildActionMask = 2147483647;
			files = (
				71ACBCF013A951AD004C8E22 /* libiconv.dylib in Frameworks */,
				71B1F9BA14B2300900579EDC /* Security.framework in Frameworks */,
			);
			runOnlyForDeploymentPostprocessing = 0;
		};
		8D11072E0486CEB800E47090 /* Frameworks */ = {
			isa = PBXFrameworksBuildPhase;
			buildActionMask = 2147483647;
			files = (
				8D11072F0486CEB800E47090 /* Cocoa.framework in Frameworks */,
				71ACBCF113A951AD004C8E22 /* libiconv.dylib in Frameworks */,
				71B1F9B914B2300900579EDC /* Security.framework in Frameworks */,
			);
			runOnlyForDeploymentPostprocessing = 0;
		};
/* End PBXFrameworksBuildPhase section */

/* Begin PBXGroup section */
		080E96DDFE201D6D7F000001 /* Classes */ = {
			isa = PBXGroup;
			children = (
				59E0BE4C139FC41D00477835 /* SMTPClient.h */,
				59E0BE4D139FC41D00477835 /* SMTPClient.m */,
				71ACC2B413AC91D2004C8E22 /* MailApp.h */,
				71ACC2B513AC91D2004C8E22 /* MailApp.m */,
				714F149B14B23D8F00930F6A /* MMTPopUpButtonCell.h */,
				714F149C14B23D8F00930F6A /* MMTPopUpButtonCell.m */,
				7108B1A014B50ABD008894A1 /* IsNonEmptyString.h */,
				7108B1A114B50ABD008894A1 /* IsNonEmptyString.m */,
			);
			name = Classes;
			sourceTree = "<group>";
		};
		1058C7A0FEA54F0111CA2CBB /* Linked Frameworks */ = {
			isa = PBXGroup;
			children = (
				1058C7A1FEA54F0111CA2CBB /* Cocoa.framework */,
			);
			name = "Linked Frameworks";
			sourceTree = "<group>";
		};
		1058C7A2FEA54F0111CA2CBB /* Other Frameworks */ = {
			isa = PBXGroup;
			children = (
				71B1F9B814B2300900579EDC /* Security.framework */,
				29B97324FDCFA39411CA2CEA /* AppKit.framework */,
				13E42FB307B3F0F600E4EEF1 /* CoreData.framework */,
				29B97325FDCFA39411CA2CEA /* Foundation.framework */,
			);
			name = "Other Frameworks";
			sourceTree = "<group>";
		};
		19C28FACFE9D520D11CA2CBB /* Products */ = {
			isa = PBXGroup;
			children = (
				8D1107320486CEB800E47090 /* MailMeToo.app */,
				595CA48113A0FF2C00A24CB2 /* MailMeToo.growlView */,
			);
			name = Products;
			sourceTree = "<group>";
		};
		29B97314FDCFA39411CA2CEA /* smtp */ = {
			isa = PBXGroup;
			children = (
				595CA3FC13A0F91C00A24CB2 /* SMTPClient */,
				595CA3EE13A0F8BE00A24CB2 /* App */,
				595CA48C13A0FF5E00A24CB2 /* Growl Plugin */,
				29B97323FDCFA39411CA2CEA /* Frameworks */,
				19C28FACFE9D520D11CA2CBB /* Products */,
			);
			name = smtp;
			sourceTree = "<group>";
		};
		29B97315FDCFA39411CA2CEA /* Other Sources */ = {
			isa = PBXGroup;
			children = (
				256AC3F00F4B6AF500CF3369 /* MailMeTooApp.pch */,
				29B97316FDCFA39411CA2CEA /* MailMeTooApp.m */,
			);
			name = "Other Sources";
			sourceTree = "<group>";
		};
		29B97317FDCFA39411CA2CEA /* Resources */ = {
			isa = PBXGroup;
			children = (
				089C165CFE840E0CC02AAC07 /* InfoPlist.strings */,
				59E0BD5E139FB4EA00477835 /* EmailWindow.xib */,
				1DDD58140DA1D0A300B32029 /* MainMenu.xib */,
			);
			name = Resources;
			sourceTree = "<group>";
		};
		29B97323FDCFA39411CA2CEA /* Frameworks */ = {
			isa = PBXGroup;
			children = (
				71ACBCEF13A951AD004C8E22 /* libiconv.dylib */,
				1058C7A0FEA54F0111CA2CBB /* Linked Frameworks */,
				1058C7A2FEA54F0111CA2CBB /* Other Frameworks */,
			);
			name = Frameworks;
			sourceTree = "<group>";
		};
		595CA3EE13A0F8BE00A24CB2 /* App */ = {
			isa = PBXGroup;
			children = (
				8D1107310486CEB800E47090 /* MailMeTooApp-Info.plist */,
				595CA40713A0F96B00A24CB2 /* Classes */,
				29B97315FDCFA39411CA2CEA /* Other Sources */,
				29B97317FDCFA39411CA2CEA /* Resources */,
			);
			name = App;
			sourceTree = "<group>";
		};
		595CA3FC13A0F91C00A24CB2 /* SMTPClient */ = {
			isa = PBXGroup;
			children = (
				080E96DDFE201D6D7F000001 /* Classes */,
			);
			name = SMTPClient;
			sourceTree = "<group>";
		};
		595CA40713A0F96B00A24CB2 /* Classes */ = {
			isa = PBXGroup;
			children = (
				256AC3D80F4B6AC300CF3369 /* MailMeTooAppDelegate.h */,
				256AC3D90F4B6AC300CF3369 /* MailMeTooAppDelegate.m */,
				59E0BD4F139FB38800477835 /* MailMeTooWindowController.h */,
				59E0BD50139FB38800477835 /* MailMeTooWindowController.m */,
			);
			name = Classes;
			sourceTree = "<group>";
		};
		595CA48C13A0FF5E00A24CB2 /* Growl Plugin */ = {
			isa = PBXGroup;
			children = (
				595CA48E13A0FF9900A24CB2 /* MailMeTooPlugin-Info.plist */,
				595CA51513A1024700A24CB2 /* Classes */,
				595CA55113A1074700A24CB2 /* Resources */,
			);
			name = "Growl Plugin";
			sourceTree = "<group>";
		};
		595CA51513A1024700A24CB2 /* Classes */ = {
			isa = PBXGroup;
			children = (
				595CA51913A1025900A24CB2 /* Growl */,
				595CA53213A1025900A24CB2 /* MailMeTooDisplay.h */,
				595CA53313A1025900A24CB2 /* MailMeTooDisplay.m */,
				595CA53413A1025900A24CB2 /* MailMeTooPreferences.h */,
				595CA53513A1025900A24CB2 /* MailMeTooPreferences.m */,
			);
			name = Classes;
			sourceTree = "<group>";
		};
		595CA51913A1025900A24CB2 /* Growl */ = {
			isa = PBXGroup;
			children = (
				595CA74013A11F0D00A24CB2 /* GrowlPlugin.h */,
				595CA52113A1025900A24CB2 /* GrowlDisplayPlugin.h */,
				595CA74313A11F4300A24CB2 /* GrowlApplicationNotification.h */,
				59EAC72213A25C480092BC07 /* GrowlDefinesInternal.h */,
			);
			name = Growl;
			path = Classes/Plugin/Growl;
			sourceTree = "<group>";
		};
		595CA55113A1074700A24CB2 /* Resources */ = {
			isa = PBXGroup;
			children = (
				71ACBDB513AC03AB004C8E22 /* Preferences.xib */,
			);
			name = Resources;
			sourceTree = "<group>";
		};
/* End PBXGroup section */

/* Begin PBXNativeTarget section */
		595CA48013A0FF2C00A24CB2 /* MailMeToo Growl Plugin */ = {
			isa = PBXNativeTarget;
			buildConfigurationList = 595CA48513A0FF2D00A24CB2 /* Build configuration list for PBXNativeTarget "MailMeToo Growl Plugin" */;
			buildPhases = (
				595CA47D13A0FF2C00A24CB2 /* Resources */,
				595CA47E13A0FF2C00A24CB2 /* Sources */,
				595CA47F13A0FF2C00A24CB2 /* Frameworks */,
			);
			buildRules = (
			);
			dependencies = (
			);
			name = "MailMeToo Growl Plugin";
			productName = "SMTPClient Growl Plugin";
			productReference = 595CA48113A0FF2C00A24CB2 /* MailMeToo.growlView */;
			productType = "com.apple.product-type.bundle";
		};
		8D1107260486CEB800E47090 /* MailMeToo App */ = {
			isa = PBXNativeTarget;
			buildConfigurationList = C01FCF4A08A954540054247B /* Build configuration list for PBXNativeTarget "MailMeToo App" */;
			buildPhases = (
				8D1107290486CEB800E47090 /* Resources */,
				8D11072C0486CEB800E47090 /* Sources */,
				8D11072E0486CEB800E47090 /* Frameworks */,
			);
			buildRules = (
			);
			dependencies = (
			);
			name = "MailMeToo App";
			productInstallPath = "$(HOME)/Applications";
			productName = smtp;
			productReference = 8D1107320486CEB800E47090 /* MailMeToo.app */;
			productType = "com.apple.product-type.application";
		};
/* End PBXNativeTarget section */

/* Begin PBXProject section */
		29B97313FDCFA39411CA2CEA /* Project object */ = {
			isa = PBXProject;
			attributes = {
				LastUpgradeCheck = 0420;
			};
			buildConfigurationList = C01FCF4E08A954540054247B /* Build configuration list for PBXProject "MailMeToo" */;
			compatibilityVersion = "Xcode 3.2";
			developmentRegion = English;
			hasScannedForEncodings = 1;
			knownRegions = (
				English,
				Japanese,
				French,
				German,
			);
			mainGroup = 29B97314FDCFA39411CA2CEA /* smtp */;
			projectDirPath = "";
			projectRoot = "";
			targets = (
				8D1107260486CEB800E47090 /* MailMeToo App */,
				595CA48013A0FF2C00A24CB2 /* MailMeToo Growl Plugin */,
			);
		};
/* End PBXProject section */

/* Begin PBXResourcesBuildPhase section */
		595CA47D13A0FF2C00A24CB2 /* Resources */ = {
			isa = PBXResourcesBuildPhase;
			buildActionMask = 2147483647;
			files = (
				71ACBDB713AC03AB004C8E22 /* Preferences.xib in Resources */,
			);
			runOnlyForDeploymentPostprocessing = 0;
		};
		8D1107290486CEB800E47090 /* Resources */ = {
			isa = PBXResourcesBuildPhase;
			buildActionMask = 2147483647;
			files = (
				8D11072B0486CEB800E47090 /* InfoPlist.strings in Resources */,
				1DDD58160DA1D0A300B32029 /* MainMenu.xib in Resources */,
				59E0BD60139FB4EA00477835 /* EmailWindow.xib in Resources */,
			);
			runOnlyForDeploymentPostprocessing = 0;
		};
/* End PBXResourcesBuildPhase section */

/* Begin PBXSourcesBuildPhase section */
		595CA47E13A0FF2C00A24CB2 /* Sources */ = {
			isa = PBXSourcesBuildPhase;
			buildActionMask = 2147483647;
			files = (
				595CA53C13A1025900A24CB2 /* MailMeTooDisplay.m in Sources */,
				595CA53D13A1025900A24CB2 /* MailMeTooPreferences.m in Sources */,
				5910DC4813A7B36B009F7A62 /* SMTPClient.m in Sources */,
				71ACC2B713AC91D2004C8E22 /* MailApp.m in Sources */,
				714F149E14B23D8F00930F6A /* MMTPopUpButtonCell.m in Sources */,
				7108B1A314B50ABD008894A1 /* IsNonEmptyString.m in Sources */,
			);
			runOnlyForDeploymentPostprocessing = 0;
		};
		8D11072C0486CEB800E47090 /* Sources */ = {
			isa = PBXSourcesBuildPhase;
			buildActionMask = 2147483647;
			files = (
				8D11072D0486CEB800E47090 /* MailMeTooApp.m in Sources */,
				256AC3DA0F4B6AC300CF3369 /* MailMeTooAppDelegate.m in Sources */,
				59E0BD51139FB38800477835 /* MailMeTooWindowController.m in Sources */,
				59E0BE4E139FC41D00477835 /* SMTPClient.m in Sources */,
				71ACC2B613AC91D2004C8E22 /* MailApp.m in Sources */,
				714F149D14B23D8F00930F6A /* MMTPopUpButtonCell.m in Sources */,
				7108B1A214B50ABD008894A1 /* IsNonEmptyString.m in Sources */,
			);
			runOnlyForDeploymentPostprocessing = 0;
		};
/* End PBXSourcesBuildPhase section */

/* Begin PBXVariantGroup section */
		089C165CFE840E0CC02AAC07 /* InfoPlist.strings */ = {
			isa = PBXVariantGroup;
			children = (
				089C165DFE840E0CC02AAC07 /* InfoPlist.strings */,
			);
			name = InfoPlist.strings;
			sourceTree = "<group>";
		};
		1DDD58140DA1D0A300B32029 /* MainMenu.xib */ = {
			isa = PBXVariantGroup;
			children = (
				1DDD58150DA1D0A300B32029 /* MainMenu.xib */,
			);
			name = MainMenu.xib;
			sourceTree = "<group>";
		};
		59E0BD5E139FB4EA00477835 /* EmailWindow.xib */ = {
			isa = PBXVariantGroup;
			children = (
				59E0BD5F139FB4EA00477835 /* EmailWindow.xib */,
			);
			name = EmailWindow.xib;
			sourceTree = "<group>";
		};
		71ACBDB513AC03AB004C8E22 /* Preferences.xib */ = {
			isa = PBXVariantGroup;
			children = (
				71ACBDB613AC03AB004C8E22 /* English */,
			);
			name = Preferences.xib;
			sourceTree = "<group>";
		};
/* End PBXVariantGroup section */

/* Begin XCBuildConfiguration section */
		595CA48313A0FF2D00A24CB2 /* Debug */ = {
			isa = XCBuildConfiguration;
			buildSettings = {
				ALWAYS_SEARCH_USER_PATHS = NO;
				COPY_PHASE_STRIP = NO;
				FRAMEWORK_SEARCH_PATHS = (
					"$(inherited)",
					"\"$(SRCROOT)/../osirix-trunk/nitrogen/build/Development\"",
				);
				GCC_DYNAMIC_NO_PIC = NO;
				GCC_ENABLE_OBJC_GC = supported;
				GCC_MODEL_TUNING = G5;
				GCC_OPTIMIZATION_LEVEL = 0;
				GCC_PRECOMPILE_PREFIX_HEADER = YES;
				GCC_PREFIX_HEADER = MailMeTooPlugin.pch;
				INFOPLIST_FILE = "MailMeTooPlugin-Info.plist";
				INSTALL_PATH = "$(HOME)/Library/Application Support/Growl/Plugins";
				ONLY_ACTIVE_ARCH = NO;
				OTHER_LDFLAGS = (
					"-undefined",
					dynamic_lookup,
				);
				PRODUCT_NAME = MailMeToo;
				WRAPPER_EXTENSION = growlView;
			};
			name = Debug;
		};
		595CA48413A0FF2D00A24CB2 /* Release */ = {
			isa = XCBuildConfiguration;
			buildSettings = {
				ALWAYS_SEARCH_USER_PATHS = NO;
				COPY_PHASE_STRIP = YES;
				DEBUG_INFORMATION_FORMAT = "dwarf-with-dsym";
				FRAMEWORK_SEARCH_PATHS = (
					"$(inherited)",
					"\"$(SRCROOT)/../osirix-trunk/nitrogen/build/Development\"",
				);
				GCC_ENABLE_OBJC_GC = supported;
				GCC_MODEL_TUNING = G5;
				GCC_PRECOMPILE_PREFIX_HEADER = YES;
				GCC_PREFIX_HEADER = "$(SYSTEM_LIBRARY_DIR)/Frameworks/AppKit.framework/Headers/AppKit.h";
				INFOPLIST_FILE = "MailMeTooPlugin-Info.plist";
				INSTALL_PATH = "$(HOME)/Library/Application Support/Growl/Plugins";
				OTHER_LDFLAGS = (
					"-undefined",
					dynamic_lookup,
				);
				PRODUCT_NAME = MailMeToo;
				WRAPPER_EXTENSION = growlView;
				ZERO_LINK = NO;
			};
			name = Release;
		};
		C01FCF4B08A954540054247B /* Debug */ = {
			isa = XCBuildConfiguration;
			buildSettings = {
				ALWAYS_SEARCH_USER_PATHS = NO;
				COPY_PHASE_STRIP = NO;
				FRAMEWORK_SEARCH_PATHS = "$(inherited)";
				GCC_DYNAMIC_NO_PIC = NO;
				GCC_MODEL_TUNING = G5;
				GCC_OPTIMIZATION_LEVEL = 0;
				GCC_PRECOMPILE_PREFIX_HEADER = YES;
				GCC_PREFIX_HEADER = MailMeTooApp.pch;
				INFOPLIST_FILE = "MailMeTooApp-Info.plist";
				INSTALL_PATH = "$(HOME)/Applications";
				PRODUCT_NAME = MailMeToo;
			};
			name = Debug;
		};
		C01FCF4C08A954540054247B /* Release */ = {
			isa = XCBuildConfiguration;
			buildSettings = {
				ALWAYS_SEARCH_USER_PATHS = NO;
				DEBUG_INFORMATION_FORMAT = "dwarf-with-dsym";
				FRAMEWORK_SEARCH_PATHS = "$(inherited)";
				GCC_MODEL_TUNING = G5;
				GCC_PRECOMPILE_PREFIX_HEADER = YES;
				GCC_PREFIX_HEADER = SMTPClientApp.pch;
				INFOPLIST_FILE = "SMTPClientApp-Info.plist";
				INSTALL_PATH = "$(HOME)/Applications";
				PRODUCT_NAME = SMTPClient;
			};
			name = Release;
		};
		C01FCF4F08A954540054247B /* Debug */ = {
			isa = XCBuildConfiguration;
			buildSettings = {
				ARCHS = "$(ARCHS_STANDARD_32_64_BIT)";
				GCC_C_LANGUAGE_STANDARD = gnu99;
				GCC_OPTIMIZATION_LEVEL = 0;
				GCC_WARN_ABOUT_RETURN_TYPE = YES;
				GCC_WARN_UNUSED_VARIABLE = YES;
				ONLY_ACTIVE_ARCH = YES;
				SDKROOT = macosx10.6;
			};
			name = Debug;
		};
		C01FCF5008A954540054247B /* Release */ = {
			isa = XCBuildConfiguration;
			buildSettings = {
				ARCHS = "$(ARCHS_STANDARD_32_64_BIT)";
				GCC_C_LANGUAGE_STANDARD = gnu99;
				GCC_WARN_ABOUT_RETURN_TYPE = YES;
				GCC_WARN_UNUSED_VARIABLE = YES;
				SDKROOT = macosx10.6;
			};
			name = Release;
		};
/* End XCBuildConfiguration section */

/* Begin XCConfigurationList section */
		595CA48513A0FF2D00A24CB2 /* Build configuration list for PBXNativeTarget "MailMeToo Growl Plugin" */ = {
			isa = XCConfigurationList;
			buildConfigurations = (
				595CA48313A0FF2D00A24CB2 /* Debug */,
				595CA48413A0FF2D00A24CB2 /* Release */,
			);
			defaultConfigurationIsVisible = 0;
			defaultConfigurationName = Release;
		};
		C01FCF4A08A954540054247B /* Build configuration list for PBXNativeTarget "MailMeToo App" */ = {
			isa = XCConfigurationList;
			buildConfigurations = (
				C01FCF4B08A954540054247B /* Debug */,
				C01FCF4C08A954540054247B /* Release */,
			);
			defaultConfigurationIsVisible = 0;
			defaultConfigurationName = Release;
		};
		C01FCF4E08A954540054247B /* Build configuration list for PBXProject "MailMeToo" */ = {
			isa = XCConfigurationList;
			buildConfigurations = (
				C01FCF4F08A954540054247B /* Debug */,
				C01FCF5008A954540054247B /* Release */,
			);
			defaultConfigurationIsVisible = 0;
			defaultConfigurationName = Release;
		};
/* End XCConfigurationList section */
	};
	rootObject = 29B97313FDCFA39411CA2CEA /* Project object */;
}
